<?xml version="1.0" encoding="utf-8"?>
<Project ToolsVersion="4.0" xmlns="http://schemas.microsoft.com/developer/msbuild/2003">
  <ItemGroup>
    <Filter Include="Source Files">
      <UniqueIdentifier>{4FC737F1-C7A5-4376-A066-2A32D752A2FF}</UniqueIdentifier>
      <Extensions>cpp;cxx;c;def</Extensions>
    </Filter>
    <Filter Include="Header Files">
      <UniqueIdentifier>{93995380-89BD-4b04-88EB-625FBE52EBFB}</UniqueIdentifier>
      <Extensions>h</Extensions>
    </Filter>
    <Filter Include="Form Files">
      <UniqueIdentifier>{99349809-55BA-4b9d-BF79-8FDBB0286EB3}</UniqueIdentifier>
      <Extensions>ui</Extensions>
    </Filter>
    <Filter Include="Resource Files">
      <UniqueIdentifier>{D9D6E242-F8AF-46E4-B9FD-80ECBC20BA3E}</UniqueIdentifier>
      <Extensions>qrc;*</Extensions>
      <ParseFiles>false</ParseFiles>
    </Filter>
    <Filter Include="Generated Files">
      <UniqueIdentifier>{71ED8ED8-ACB9-4CE9-BBE1-E00B30144E11}</UniqueIdentifier>
      <Extensions>moc;h;cpp</Extensions>
      <SourceControlFiles>False</SourceControlFiles>
    </Filter>
    <Filter Include="Generated Files\Debug">
      <UniqueIdentifier>{9f13ce5a-9acf-43ee-8607-527984a96e35}</UniqueIdentifier>
      <Extensions>cpp;moc</Extensions>
      <SourceControlFiles>False</SourceControlFiles>
    </Filter>
    <Filter Include="Generated Files\Release">
      <UniqueIdentifier>{a4366593-227b-4224-b380-c1ed42ad2d2f}</UniqueIdentifier>
      <Extensions>cpp;moc</Extensions>
      <SourceControlFiles>False</SourceControlFiles>
    </Filter>
  </ItemGroup>
  <ItemGroup>
    <ClCompile Include="chatwidget.cpp">
      <Filter>Source Files</Filter>
    </ClCompile>
    <ClCompile Include="GeneratedFiles\Debug\moc_chatwidget.cpp">
      <Filter>Generated Files\Debug</Filter>
    </ClCompile>
    <ClCompile Include="GeneratedFiles\Release\moc_chatwidget.cpp">
      <Filter>Generated Files\Release</Filter>
    </ClCompile>
    <ClCompile Include="MessageWidget\messagelist.cpp">
      <Filter>Source Files</Filter>
    </ClCompile>
    <ClCompile Include="GeneratedFiles\Debug\moc_messagelist.cpp">
      <Filter>Generated Files\Debug</Filter>
    </ClCompile>
    <ClCompile Include="GeneratedFiles\Release\moc_messagelist.cpp">
      <Filter>Generated Files\Release</Filter>
    </ClCompile>
    <ClCompile Include="chatdatamanager.cpp">
      <Filter>Source Files</Filter>
    </ClCompile>
    <ClCompile Include="GeneratedFiles\Debug\moc_chatdatamanager.cpp">
      <Filter>Generated Files\Debug</Filter>
    </ClCompile>
    <ClCompile Include="GeneratedFiles\Release\moc_chatdatamanager.cpp">
      <Filter>Generated Files\Release</Filter>
    </ClCompile>
    <ClCompile Include="childWidget\myemotionwidget.cpp">
      <Filter>Source Files</Filter>
    </ClCompile>
    <ClCompile Include="GeneratedFiles\Debug\moc_myemotionwidget.cpp">
      <Filter>Generated Files\Debug</Filter>
    </ClCompile>
    <ClCompile Include="GeneratedFiles\Release\moc_myemotionwidget.cpp">
      <Filter>Generated Files\Release</Filter>
    </ClCompile>
    <ClCompile Include="GeneratedFiles\Debug\moc_myemotionitemwidget.cpp">
      <Filter>Generated Files\Debug</Filter>
    </ClCompile>
    <ClCompile Include="GeneratedFiles\Release\moc_myemotionitemwidget.cpp">
      <Filter>Generated Files\Release</Filter>
    </ClCompile>
    <ClCompile Include="childWidget\myemotionitemwidget.cpp">
      <Filter>Source Files</Filter>
    </ClCompile>
    <ClCompile Include="GeneratedFiles\Debug\moc_filetypeex.cpp">
      <Filter>Generated Files\Debug</Filter>
    </ClCompile>
    <ClCompile Include="GeneratedFiles\Release\moc_filetypeex.cpp">
      <Filter>Generated Files\Release</Filter>
    </ClCompile>
    <ClCompile Include="childWidget\filetypeex.cpp">
      <Filter>Source Files</Filter>
    </ClCompile>
    <ClCompile Include="GeneratedFiles\Debug\moc_zoomimg.cpp">
      <Filter>Generated Files\Debug</Filter>
    </ClCompile>
    <ClCompile Include="GeneratedFiles\Release\moc_zoomimg.cpp">
      <Filter>Generated Files\Release</Filter>
    </ClCompile>
    <ClCompile Include="childWidget\zoomimg.cpp">
      <Filter>Source Files</Filter>
    </ClCompile>
    <ClCompile Include="GeneratedFiles\Debug\moc_expresswidget.cpp">
      <Filter>Generated Files\Debug</Filter>
    </ClCompile>
    <ClCompile Include="GeneratedFiles\Release\moc_expresswidget.cpp">
      <Filter>Generated Files\Release</Filter>
    </ClCompile>
    <ClCompile Include="childWidget\expresswidget.cpp">
      <Filter>Source Files</Filter>
    </ClCompile>
    <ClCompile Include="thread\threadloadgroupuserlist.cpp">
      <Filter>Source Files</Filter>
    </ClCompile>
    <ClCompile Include="GeneratedFiles\Debug\moc_threadloadgroupuserlist.cpp">
      <Filter>Generated Files\Debug</Filter>
    </ClCompile>
    <ClCompile Include="GeneratedFiles\Release\moc_threadloadgroupuserlist.cpp">
      <Filter>Generated Files\Release</Filter>
    </ClCompile>
    <ClCompile Include="childWidget\groupsearchwidget.cpp">
      <Filter>Source Files</Filter>
    </ClCompile>
    <ClCompile Include="GeneratedFiles\Debug\moc_groupsearchwidget.cpp">
      <Filter>Generated Files\Debug</Filter>
    </ClCompile>
    <ClCompile Include="GeneratedFiles\Release\moc_groupsearchwidget.cpp">
      <Filter>Generated Files\Release</Filter>
    </ClCompile>
    <ClCompile Include="imperchat.cpp">
      <Filter>Source Files</Filter>
    </ClCompile>
    <ClCompile Include="GeneratedFiles\Debug\moc_imperchat.cpp">
      <Filter>Generated Files\Debug</Filter>
    </ClCompile>
    <ClCompile Include="GeneratedFiles\Release\moc_imperchat.cpp">
      <Filter>Generated Files\Release</Filter>
    </ClCompile>
    <ClCompile Include="groupchatwidget.cpp">
      <Filter>Source Files</Filter>
    </ClCompile>
    <ClCompile Include="GeneratedFiles\Debug\moc_groupchatwidget.cpp">
      <Filter>Generated Files\Debug</Filter>
    </ClCompile>
    <ClCompile Include="GeneratedFiles\Release\moc_groupchatwidget.cpp">
      <Filter>Generated Files\Release</Filter>
    </ClCompile>
    <ClCompile Include="GeneratedFiles\Debug\moc_groupwidget.cpp">
      <Filter>Generated Files\Debug</Filter>
    </ClCompile>
    <ClCompile Include="GeneratedFiles\Release\moc_groupwidget.cpp">
      <Filter>Generated Files\Release</Filter>
    </ClCompile>
    <ClCompile Include="groupwidget.cpp">
      <Filter>Source Files</Filter>
    </ClCompile>
    <ClCompile Include="messagelog\messagelog.cpp">
      <Filter>Source Files</Filter>
    </ClCompile>
    <ClCompile Include="GeneratedFiles\Debug\moc_messagelog.cpp">
      <Filter>Generated Files\Debug</Filter>
    </ClCompile>
    <ClCompile Include="GeneratedFiles\Release\moc_messagelog.cpp">
      <Filter>Generated Files\Release</Filter>
    </ClCompile>
    <ClCompile Include="GeneratedFiles\Debug\moc_secretletterwidget.cpp">
      <Filter>Generated Files\Debug</Filter>
    </ClCompile>
    <ClCompile Include="GeneratedFiles\Release\moc_secretletterwidget.cpp">
      <Filter>Generated Files\Release</Filter>
    </ClCompile>
    <ClCompile Include="secretWidget\secretletterwidget.cpp">
      <Filter>Source Files</Filter>
    </ClCompile>
  </ItemGroup>
  <ItemGroup>
    <CustomBuild Include="chatwidget.h">
      <Filter>Header Files</Filter>
    </CustomBuild>
    <CustomBuild Include="chatwidget.ui">
      <Filter>Form Files</Filter>
    </CustomBuild>
    <CustomBuild Include="MessageWidget\messagelist.h">
      <Filter>Header Files</Filter>
    </CustomBuild>
    <CustomBuild Include="chatdatamanager.h">
      <Filter>Header Files</Filter>
    </CustomBuild>
    <CustomBuild Include="childWidget\myemotionwidget.h">
      <Filter>Header Files</Filter>
    </CustomBuild>
    <CustomBuild Include="childWidget\myemotionitemwidget.h">
      <Filter>Header Files</Filter>
    </CustomBuild>
    <CustomBuild Include="childWidget\filetypeex.h">
      <Filter>Header Files</Filter>
    </CustomBuild>
    <CustomBuild Include="childWidget\zoomimg.ui">
      <Filter>Form Files</Filter>
    </CustomBuild>
    <CustomBuild Include="childWidget\zoomimg.h">
      <Filter>Header Files</Filter>
    </CustomBuild>
    <CustomBuild Include="childWidget\expresswidget.ui">
      <Filter>Form Files</Filter>
    </CustomBuild>
    <CustomBuild Include="childWidget\expresswidget.h">
      <Filter>Header Files</Filter>
    </CustomBuild>
    <CustomBuild Include="thread\threadloadgroupuserlist.h">
      <Filter>Header Files</Filter>
    </CustomBuild>
    <CustomBuild Include="childWidget\groupsearchwidget.h">
      <Filter>Header Files</Filter>
    </CustomBuild>
    <CustomBuild Include="childWidget\groupsearchwidget.ui">
      <Filter>Form Files</Filter>
    </CustomBuild>
    <CustomBuild Include="imperchat.h">
      <Filter>Header Files</Filter>
    </CustomBuild>
    <CustomBuild Include="imperchat.ui">
      <Filter>Form Files</Filter>
    </CustomBuild>
    <CustomBuild Include="groupchatwidget.ui">
      <Filter>Form Files</Filter>
    </CustomBuild>
    <CustomBuild Include="groupchatwidget.h">
      <Filter>Header Files</Filter>
    </CustomBuild>
    <CustomBuild Include="groupwidget.ui">
      <Filter>Form Files</Filter>
    </CustomBuild>
    <CustomBuild Include="groupwidget.h">
      <Filter>Header Files</Filter>
    </CustomBuild>
    <CustomBuild Include="messagelog\messagelog.h">
      <Filter>Header Files</Filter>
    </CustomBuild>
    <CustomBuild Include="messagelog\messagelog.ui">
      <Filter>Form Files</Filter>
    </CustomBuild>
    <CustomBuild Include="secretWidget\secretletterwidget.h">
      <Filter>Header Files</Filter>
    </CustomBuild>
    <CustomBuild Include="secretWidget\secretletterwidget.ui">
      <Filter>Form Files</Filter>
    </CustomBuild>
  </ItemGroup>
  <ItemGroup>
    <ClInclude Include="GeneratedFiles\ui_chatwidget.h">
      <Filter>Generated Files</Filter>
    </ClInclude>
    <ClInclude Include="GeneratedFiles\ui_zoomimg.h">
      <Filter>Generated Files</Filter>
    </ClInclude>
    <ClInclude Include="GeneratedFiles\ui_expresswidget.h">
      <Filter>Generated Files</Filter>
    </ClInclude>
    <ClInclude Include="GeneratedFiles\ui_groupsearchwidget.h">
      <Filter>Generated Files</Filter>
    </ClInclude>
    <ClInclude Include="GeneratedFiles\ui_imperchat.h">
      <Filter>Generated Files</Filter>
    </ClInclude>
    <ClInclude Include="GeneratedFiles\ui_groupchatwidget.h">
      <Filter>Generated Files</Filter>
    </ClInclude>
    <ClInclude Include="GeneratedFiles\ui_groupwidget.h">
      <Filter>Generated Files</Filter>
    </ClInclude>
    <ClInclude Include="GeneratedFiles\ui_messagelog.h">
      <Filter>Generated Files</Filter>
    </ClInclude>
    <ClInclude Include="GeneratedFiles\ui_secretletterwidget.h">
      <Filter>Generated Files</Filter>
    </ClInclude>
  </ItemGroup>
</Project>