
Microsoft Visual Studio Solution File, Format Version 12.00
# Visual Studio 2013
VisualStudioVersion = 12.0.21005.1
MinimumVisualStudioVersion = 10.0.40219.1
Project("{8BC9CEB8-8B4A-11D0-8D11-00A0C91BC942}") = "BaseUIShareLib", "BaseUIShareLib\BaseUIShareLib.vcxproj", "{6E63C897-DB9B-43F4-900D-E4C7D87E9BCF}"
EndProject
Project("{8BC9CEB8-8B4A-11D0-8D11-00A0C91BC942}") = "LoginDatabaseOperaShareLib", "LoginDatabaseOperaShareLib\LoginDatabaseOperaShareLib.vcxproj", "{4427FB81-87B6-41CE-A4BE-C05BD6031FB4}"
EndProject
Project("{8BC9CEB8-8B4A-11D0-8D11-00A0C91BC942}") = "HttpNetWorkShareLib", "HttpNetWorkShareLib\HttpNetWorkShareLib.vcxproj", "{A5E1AF76-776D-484B-A896-C28C76A3A816}"
EndProject
Project("{8BC9CEB8-8B4A-11D0-8D11-00A0C91BC942}") = "ContactsWidgetShareLib", "ContactsWidgetShareLib\ContactsWidgetShareLib.vcxproj", "{99737AE3-5E98-4584-9C60-D22ED02FDE13}"
	ProjectSection(ProjectDependencies) = postProject
		{6E63C897-DB9B-43F4-900D-E4C7D87E9BCF} = {6E63C897-DB9B-43F4-900D-E4C7D87E9BCF}
		{6E7408AD-FD33-43BB-86CA-BC41D45F2E2C} = {6E7408AD-FD33-43BB-86CA-BC41D45F2E2C}
	EndProjectSection
EndProject
Project("{8BC9CEB8-8B4A-11D0-8D11-00A0C91BC942}") = "ChatWidgetShareLib", "ChatWidgetShareLib\ChatWidgetShareLib.vcxproj", "{7020328D-5D86-4E6F-A3AF-CF2D45CBE6E7}"
	ProjectSection(ProjectDependencies) = postProject
		{D3C05F22-4A0B-4D0C-8A2C-229FF2A08DBA} = {D3C05F22-4A0B-4D0C-8A2C-229FF2A08DBA}
		{6E63C897-DB9B-43F4-900D-E4C7D87E9BCF} = {6E63C897-DB9B-43F4-900D-E4C7D87E9BCF}
	EndProjectSection
EndProject
Project("{8BC9CEB8-8B4A-11D0-8D11-00A0C91BC942}") = "IMDataManagerShareLib", "IMDataManagerShareLib\IMDataManagerShareLib.vcxproj", "{1A96F43A-D6A8-41F7-9B17-2B159FE35A28}"
EndProject
Project("{8BC9CEB8-8B4A-11D0-8D11-00A0C91BC942}") = "CefWidgetShareLib", "CefWidgetShareLib\CefWidgetShareLib.vcxproj", "{D3C05F22-4A0B-4D0C-8A2C-229FF2A08DBA}"
	ProjectSection(ProjectDependencies) = postProject
		{6E63C897-DB9B-43F4-900D-E4C7D87E9BCF} = {6E63C897-DB9B-43F4-900D-E4C7D87E9BCF}
	EndProjectSection
EndProject
Project("{8BC9CEB8-8B4A-11D0-8D11-00A0C91BC942}") = "UpdateShareLib", "UpdateShareLib\UpdateShareLib.vcxproj", "{2884CFAA-D30F-47B4-887B-1DBD353B4483}"
EndProject
Project("{8BC9CEB8-8B4A-11D0-8D11-00A0C91BC942}") = "eWalletLib", "eWalletLib\eWalletLib.vcxproj", "{102661FF-7F58-4F41-99AB-256AFC067153}"
EndProject
Project("{8BC9CEB8-8B4A-11D0-8D11-00A0C91BC942}") = "ScanQRLoginShareLib", "ScanQRLoginShareLib\ScanQRLoginShareLib.vcxproj", "{3A590FE6-EBE9-4DEB-AF90-4799550B1BFA}"
EndProject
Project("{8BC9CEB8-8B4A-11D0-8D11-00A0C91BC942}") = "CreateAddWidgetShareLib", "CreateAddWidgetShareLib\CreateAddWidgetShareLib.vcxproj", "{1AE9765B-3645-4D95-AD94-A69A1C4117D2}"
EndProject
Project("{8BC9CEB8-8B4A-11D0-8D11-00A0C91BC942}") = "OpenPlanet", "OpenPlanet\OpenPlanet.vcxproj", "{E021DB4D-A475-408C-83F6-3348D21D8A12}"
	ProjectSection(ProjectDependencies) = postProject
		{D3C05F22-4A0B-4D0C-8A2C-229FF2A08DBA} = {D3C05F22-4A0B-4D0C-8A2C-229FF2A08DBA}
		{1A96F43A-D6A8-41F7-9B17-2B159FE35A28} = {1A96F43A-D6A8-41F7-9B17-2B159FE35A28}
		{416EB948-4EAF-4CBD-A05D-A74D3D17153B} = {416EB948-4EAF-4CBD-A05D-A74D3D17153B}
		{1AE9765B-3645-4D95-AD94-A69A1C4117D2} = {1AE9765B-3645-4D95-AD94-A69A1C4117D2}
		{A5E1AF76-776D-484B-A896-C28C76A3A816} = {A5E1AF76-776D-484B-A896-C28C76A3A816}
		{4427FB81-87B6-41CE-A4BE-C05BD6031FB4} = {4427FB81-87B6-41CE-A4BE-C05BD6031FB4}
		{7020328D-5D86-4E6F-A3AF-CF2D45CBE6E7} = {7020328D-5D86-4E6F-A3AF-CF2D45CBE6E7}
		{6E63C897-DB9B-43F4-900D-E4C7D87E9BCF} = {6E63C897-DB9B-43F4-900D-E4C7D87E9BCF}
		{2884CFAA-D30F-47B4-887B-1DBD353B4483} = {2884CFAA-D30F-47B4-887B-1DBD353B4483}
		{793B63AB-A757-45F8-8EF7-5CEBAB0A8EA6} = {793B63AB-A757-45F8-8EF7-5CEBAB0A8EA6}
		{0945ACC8-2F66-419C-8984-516DB0C4AB8F} = {0945ACC8-2F66-419C-8984-516DB0C4AB8F}
		{332C28D5-4ED2-4FD6-B842-ED299B10FCA9} = {332C28D5-4ED2-4FD6-B842-ED299B10FCA9}
		{99737AE3-5E98-4584-9C60-D22ED02FDE13} = {99737AE3-5E98-4584-9C60-D22ED02FDE13}
		{F02E20F4-611A-4657-903B-A9030A374B6A} = {F02E20F4-611A-4657-903B-A9030A374B6A}
		{B2D1F8F7-3982-4002-98CB-3E66162EC56F} = {B2D1F8F7-3982-4002-98CB-3E66162EC56F}
		{102661FF-7F58-4F41-99AB-256AFC067153} = {102661FF-7F58-4F41-99AB-256AFC067153}
	EndProjectSection
EndProject
Project("{8BC9CEB8-8B4A-11D0-8D11-00A0C91BC942}") = "OPObjectManager", "OPObjectManager\OPObjectManager.vcxproj", "{416EB948-4EAF-4CBD-A05D-A74D3D17153B}"
EndProject
Project("{8BC9CEB8-8B4A-11D0-8D11-00A0C91BC942}") = "OPWindowsManagerShareLib", "OPWindowsManagerShareLib\OPWindowsManagerShareLib.vcxproj", "{F02E20F4-611A-4657-903B-A9030A374B6A}"
EndProject
Project("{8BC9CEB8-8B4A-11D0-8D11-00A0C91BC942}") = "OPMainManagerShareLib", "OPMainManagerShareLib\OPMainManagerShareLib.vcxproj", "{793B63AB-A757-45F8-8EF7-5CEBAB0A8EA6}"
EndProject
Project("{8BC9CEB8-8B4A-11D0-8D11-00A0C91BC942}") = "OPMainWidgetShareLib", "OPMainWidgetShareLib\OPMainWidgetShareLib.vcxproj", "{B2D1F8F7-3982-4002-98CB-3E66162EC56F}"
EndProject
Project("{8BC9CEB8-8B4A-11D0-8D11-00A0C91BC942}") = "OPRecoveryWalletShareLib", "OPRecoveryWalletShareLib\OPRecoveryWalletShareLib.vcxproj", "{332C28D5-4ED2-4FD6-B842-ED299B10FCA9}"
EndProject
Project("{8BC9CEB8-8B4A-11D0-8D11-00A0C91BC942}") = "OPDatebaseShareLib", "OPDatebaseShareLib\OPDatebaseShareLib.vcxproj", "{0945ACC8-2F66-419C-8984-516DB0C4AB8F}"
EndProject
Project("{8BC9CEB8-8B4A-11D0-8D11-00A0C91BC942}") = "OPDataManager", "OPDataManager\OPDataManager.vcxproj", "{3820463E-DB04-4BAF-BF21-23A0C0C19302}"
EndProject
Project("{8BC9CEB8-8B4A-11D0-8D11-00A0C91BC942}") = "OPRequestShareLib", "OPRequestShareLib\OPRequestShareLib.vcxproj", "{4D488338-48AF-4F8D-8EDF-51ED0F702F67}"
EndProject
Project("{8BC9CEB8-8B4A-11D0-8D11-00A0C91BC942}") = "ContactsProfileShareLib", "ContactsProfileShareLib\ContactsProfileShareLib.vcxproj", "{6E7408AD-FD33-43BB-86CA-BC41D45F2E2C}"
	ProjectSection(ProjectDependencies) = postProject
		{4D488338-48AF-4F8D-8EDF-51ED0F702F67} = {4D488338-48AF-4F8D-8EDF-51ED0F702F67}
	EndProjectSection
EndProject
Project("{8BC9CEB8-8B4A-11D0-8D11-00A0C91BC942}") = "ReadAppConfig", "ReadAppConfig\ReadAppConfig.vcxproj", "{F6938914-341A-4B8B-94A7-1C12D2A27F09}"
EndProject
Global
	GlobalSection(SolutionConfigurationPlatforms) = preSolution
		Debug|Win32 = Debug|Win32
		Release|Win32 = Release|Win32
	EndGlobalSection
	GlobalSection(ProjectConfigurationPlatforms) = postSolution
		{6E63C897-DB9B-43F4-900D-E4C7D87E9BCF}.Debug|Win32.ActiveCfg = Debug|Win32
		{6E63C897-DB9B-43F4-900D-E4C7D87E9BCF}.Debug|Win32.Build.0 = Debug|Win32
		{6E63C897-DB9B-43F4-900D-E4C7D87E9BCF}.Release|Win32.ActiveCfg = Release|Win32
		{6E63C897-DB9B-43F4-900D-E4C7D87E9BCF}.Release|Win32.Build.0 = Release|Win32
		{4427FB81-87B6-41CE-A4BE-C05BD6031FB4}.Debug|Win32.ActiveCfg = Debug|Win32
		{4427FB81-87B6-41CE-A4BE-C05BD6031FB4}.Debug|Win32.Build.0 = Debug|Win32
		{4427FB81-87B6-41CE-A4BE-C05BD6031FB4}.Release|Win32.ActiveCfg = Release|Win32
		{4427FB81-87B6-41CE-A4BE-C05BD6031FB4}.Release|Win32.Build.0 = Release|Win32
		{A5E1AF76-776D-484B-A896-C28C76A3A816}.Debug|Win32.ActiveCfg = Debug|Win32
		{A5E1AF76-776D-484B-A896-C28C76A3A816}.Debug|Win32.Build.0 = Debug|Win32
		{A5E1AF76-776D-484B-A896-C28C76A3A816}.Release|Win32.ActiveCfg = Release|Win32
		{A5E1AF76-776D-484B-A896-C28C76A3A816}.Release|Win32.Build.0 = Release|Win32
		{99737AE3-5E98-4584-9C60-D22ED02FDE13}.Debug|Win32.ActiveCfg = Debug|Win32
		{99737AE3-5E98-4584-9C60-D22ED02FDE13}.Debug|Win32.Build.0 = Debug|Win32
		{99737AE3-5E98-4584-9C60-D22ED02FDE13}.Release|Win32.ActiveCfg = Release|Win32
		{99737AE3-5E98-4584-9C60-D22ED02FDE13}.Release|Win32.Build.0 = Release|Win32
		{7020328D-5D86-4E6F-A3AF-CF2D45CBE6E7}.Debug|Win32.ActiveCfg = Debug|Win32
		{7020328D-5D86-4E6F-A3AF-CF2D45CBE6E7}.Debug|Win32.Build.0 = Debug|Win32
		{7020328D-5D86-4E6F-A3AF-CF2D45CBE6E7}.Release|Win32.ActiveCfg = Release|Win32
		{7020328D-5D86-4E6F-A3AF-CF2D45CBE6E7}.Release|Win32.Build.0 = Release|Win32
		{1A96F43A-D6A8-41F7-9B17-2B159FE35A28}.Debug|Win32.ActiveCfg = Debug|Win32
		{1A96F43A-D6A8-41F7-9B17-2B159FE35A28}.Debug|Win32.Build.0 = Debug|Win32
		{1A96F43A-D6A8-41F7-9B17-2B159FE35A28}.Release|Win32.ActiveCfg = Release|Win32
		{1A96F43A-D6A8-41F7-9B17-2B159FE35A28}.Release|Win32.Build.0 = Release|Win32
		{D3C05F22-4A0B-4D0C-8A2C-229FF2A08DBA}.Debug|Win32.ActiveCfg = Debug|Win32
		{D3C05F22-4A0B-4D0C-8A2C-229FF2A08DBA}.Debug|Win32.Build.0 = Debug|Win32
		{D3C05F22-4A0B-4D0C-8A2C-229FF2A08DBA}.Release|Win32.ActiveCfg = Release|Win32
		{D3C05F22-4A0B-4D0C-8A2C-229FF2A08DBA}.Release|Win32.Build.0 = Release|Win32
		{2884CFAA-D30F-47B4-887B-1DBD353B4483}.Debug|Win32.ActiveCfg = Debug|Win32
		{2884CFAA-D30F-47B4-887B-1DBD353B4483}.Debug|Win32.Build.0 = Debug|Win32
		{2884CFAA-D30F-47B4-887B-1DBD353B4483}.Release|Win32.ActiveCfg = Release|Win32
		{2884CFAA-D30F-47B4-887B-1DBD353B4483}.Release|Win32.Build.0 = Release|Win32
		{102661FF-7F58-4F41-99AB-256AFC067153}.Debug|Win32.ActiveCfg = Debug|Win32
		{102661FF-7F58-4F41-99AB-256AFC067153}.Debug|Win32.Build.0 = Debug|Win32
		{102661FF-7F58-4F41-99AB-256AFC067153}.Release|Win32.ActiveCfg = Release|Win32
		{102661FF-7F58-4F41-99AB-256AFC067153}.Release|Win32.Build.0 = Release|Win32
		{3A590FE6-EBE9-4DEB-AF90-4799550B1BFA}.Debug|Win32.ActiveCfg = Debug|Win32
		{3A590FE6-EBE9-4DEB-AF90-4799550B1BFA}.Debug|Win32.Build.0 = Debug|Win32
		{3A590FE6-EBE9-4DEB-AF90-4799550B1BFA}.Release|Win32.ActiveCfg = Release|Win32
		{3A590FE6-EBE9-4DEB-AF90-4799550B1BFA}.Release|Win32.Build.0 = Release|Win32
		{1AE9765B-3645-4D95-AD94-A69A1C4117D2}.Debug|Win32.ActiveCfg = Debug|Win32
		{1AE9765B-3645-4D95-AD94-A69A1C4117D2}.Debug|Win32.Build.0 = Debug|Win32
		{1AE9765B-3645-4D95-AD94-A69A1C4117D2}.Release|Win32.ActiveCfg = Release|Win32
		{1AE9765B-3645-4D95-AD94-A69A1C4117D2}.Release|Win32.Build.0 = Release|Win32
		{E021DB4D-A475-408C-83F6-3348D21D8A12}.Debug|Win32.ActiveCfg = Debug|Win32
		{E021DB4D-A475-408C-83F6-3348D21D8A12}.Debug|Win32.Build.0 = Debug|Win32
		{E021DB4D-A475-408C-83F6-3348D21D8A12}.Release|Win32.ActiveCfg = Release|Win32
		{E021DB4D-A475-408C-83F6-3348D21D8A12}.Release|Win32.Build.0 = Release|Win32
		{416EB948-4EAF-4CBD-A05D-A74D3D17153B}.Debug|Win32.ActiveCfg = Debug|Win32
		{416EB948-4EAF-4CBD-A05D-A74D3D17153B}.Debug|Win32.Build.0 = Debug|Win32
		{416EB948-4EAF-4CBD-A05D-A74D3D17153B}.Release|Win32.ActiveCfg = Release|Win32
		{416EB948-4EAF-4CBD-A05D-A74D3D17153B}.Release|Win32.Build.0 = Release|Win32
		{F02E20F4-611A-4657-903B-A9030A374B6A}.Debug|Win32.ActiveCfg = Debug|Win32
		{F02E20F4-611A-4657-903B-A9030A374B6A}.Debug|Win32.Build.0 = Debug|Win32
		{F02E20F4-611A-4657-903B-A9030A374B6A}.Release|Win32.ActiveCfg = Release|Win32
		{F02E20F4-611A-4657-903B-A9030A374B6A}.Release|Win32.Build.0 = Release|Win32
		{793B63AB-A757-45F8-8EF7-5CEBAB0A8EA6}.Debug|Win32.ActiveCfg = Debug|Win32
		{793B63AB-A757-45F8-8EF7-5CEBAB0A8EA6}.Debug|Win32.Build.0 = Debug|Win32
		{793B63AB-A757-45F8-8EF7-5CEBAB0A8EA6}.Release|Win32.ActiveCfg = Release|Win32
		{793B63AB-A757-45F8-8EF7-5CEBAB0A8EA6}.Release|Win32.Build.0 = Release|Win32
		{B2D1F8F7-3982-4002-98CB-3E66162EC56F}.Debug|Win32.ActiveCfg = Debug|Win32
		{B2D1F8F7-3982-4002-98CB-3E66162EC56F}.Debug|Win32.Build.0 = Debug|Win32
		{B2D1F8F7-3982-4002-98CB-3E66162EC56F}.Release|Win32.ActiveCfg = Release|Win32
		{B2D1F8F7-3982-4002-98CB-3E66162EC56F}.Release|Win32.Build.0 = Release|Win32
		{332C28D5-4ED2-4FD6-B842-ED299B10FCA9}.Debug|Win32.ActiveCfg = Debug|Win32
		{332C28D5-4ED2-4FD6-B842-ED299B10FCA9}.Debug|Win32.Build.0 = Debug|Win32
		{332C28D5-4ED2-4FD6-B842-ED299B10FCA9}.Release|Win32.ActiveCfg = Release|Win32
		{332C28D5-4ED2-4FD6-B842-ED299B10FCA9}.Release|Win32.Build.0 = Release|Win32
		{0945ACC8-2F66-419C-8984-516DB0C4AB8F}.Debug|Win32.ActiveCfg = Debug|Win32
		{0945ACC8-2F66-419C-8984-516DB0C4AB8F}.Debug|Win32.Build.0 = Debug|Win32
		{0945ACC8-2F66-419C-8984-516DB0C4AB8F}.Release|Win32.ActiveCfg = Release|Win32
		{0945ACC8-2F66-419C-8984-516DB0C4AB8F}.Release|Win32.Build.0 = Release|Win32
		{3820463E-DB04-4BAF-BF21-23A0C0C19302}.Debug|Win32.ActiveCfg = Debug|Win32
		{3820463E-DB04-4BAF-BF21-23A0C0C19302}.Debug|Win32.Build.0 = Debug|Win32
		{3820463E-DB04-4BAF-BF21-23A0C0C19302}.Release|Win32.ActiveCfg = Release|Win32
		{3820463E-DB04-4BAF-BF21-23A0C0C19302}.Release|Win32.Build.0 = Release|Win32
		{4D488338-48AF-4F8D-8EDF-51ED0F702F67}.Debug|Win32.ActiveCfg = Debug|Win32
		{4D488338-48AF-4F8D-8EDF-51ED0F702F67}.Debug|Win32.Build.0 = Debug|Win32
		{4D488338-48AF-4F8D-8EDF-51ED0F702F67}.Release|Win32.ActiveCfg = Release|Win32
		{4D488338-48AF-4F8D-8EDF-51ED0F702F67}.Release|Win32.Build.0 = Release|Win32
		{6E7408AD-FD33-43BB-86CA-BC41D45F2E2C}.Debug|Win32.ActiveCfg = Debug|Win32
		{6E7408AD-FD33-43BB-86CA-BC41D45F2E2C}.Debug|Win32.Build.0 = Debug|Win32
		{6E7408AD-FD33-43BB-86CA-BC41D45F2E2C}.Release|Win32.ActiveCfg = Release|Win32
		{6E7408AD-FD33-43BB-86CA-BC41D45F2E2C}.Release|Win32.Build.0 = Release|Win32
		{F6938914-341A-4B8B-94A7-1C12D2A27F09}.Debug|Win32.ActiveCfg = Debug|Win32
		{F6938914-341A-4B8B-94A7-1C12D2A27F09}.Debug|Win32.Build.0 = Debug|Win32
		{F6938914-341A-4B8B-94A7-1C12D2A27F09}.Release|Win32.ActiveCfg = Release|Win32
		{F6938914-341A-4B8B-94A7-1C12D2A27F09}.Release|Win32.Build.0 = Release|Win32
	EndGlobalSection
	GlobalSection(SolutionProperties) = preSolution
		HideSolutionNode = FALSE
	EndGlobalSection
	GlobalSection(ExtensibilityGlobals) = postSolution
		Qt5Version = $(DefaultQtVersion)
	EndGlobalSection
EndGlobal
